
Microsoft Visual Studio Solution File, Format Version 12.00
# Visual Studio Version 16
VisualStudioVersion = 16.0.31112.23
MinimumVisualStudioVersion = 10.0.40219.1
Project("{FAE04EC0-301F-11D3-BF4B-00C04F79EFBC}") = "giaodien_phanhe2", "giaodien_phanhe2\giaodien_phanhe2.csproj", "{A0946F56-C142-431F-8864-5A06E353F909}"
EndProject
Global
	GlobalSection(SolutionConfigurationPlatforms) = preSolution
		Debug|Any CPU = Debug|Any CPU
		Release|Any CPU = Release|Any CPU
	EndGlobalSection
	GlobalSection(ProjectConfigurationPlatforms) = postSolution
		{A0946F56-C142-431F-8864-5A06E353F909}.Debug|Any CPU.ActiveCfg = Debug|Any CPU
		{A0946F56-C142-431F-8864-5A06E353F909}.Debug|Any CPU.Build.0 = Debug|Any CPU
		{A0946F56-C142-431F-8864-5A06E353F909}.Release|Any CPU.ActiveCfg = Release|Any CPU
		{A0946F56-C142-431F-8864-5A06E353F909}.Release|Any CPU.Build.0 = Release|Any CPU
	EndGlobalSection
	GlobalSection(SolutionProperties) = preSolution
		HideSolutionNode = FALSE
	EndGlobalSection
	GlobalSection(ExtensibilityGlobals) = postSolution
		SolutionGuid = {D5F32AE6-CF92-40AC-BD93-4311E3A460CF}
	EndGlobalSection
EndGlobal
